// !$*UTF8*$!
{
	archiveVersion = 1;
	classes = {
	};
	objectVersion = 55;
	objects = {

/* Begin PBXBuildFile section */
		F35BEFBF27AA352100AA2821 /* ContentViewController.swift in Sources */ = {isa = PBXBuildFile; fileRef = F35BEFBE27AA352100AA2821 /* ContentViewController.swift */; };
		F35BEFC127AA355700AA2821 /* MyFloatingPanelLayout.swift in Sources */ = {isa = PBXBuildFile; fileRef = F35BEFC027AA355700AA2821 /* MyFloatingPanelLayout.swift */; };
		F366487B27A7DE720064FDC1 /* AppDelegate.swift in Sources */ = {isa = PBXBuildFile; fileRef = F366487A27A7DE720064FDC1 /* AppDelegate.swift */; };
		F366487D27A7DE720064FDC1 /* SceneDelegate.swift in Sources */ = {isa = PBXBuildFile; fileRef = F366487C27A7DE720064FDC1 /* SceneDelegate.swift */; };
		F366487F27A7DE720064FDC1 /* ViewController.swift in Sources */ = {isa = PBXBuildFile; fileRef = F366487E27A7DE720064FDC1 /* ViewController.swift */; };
		F366488227A7DE720064FDC1 /* Main.storyboard in Resources */ = {isa = PBXBuildFile; fileRef = F366488027A7DE720064FDC1 /* Main.storyboard */; };
		F366488427A7DE740064FDC1 /* Assets.xcassets in Resources */ = {isa = PBXBuildFile; fileRef = F366488327A7DE740064FDC1 /* Assets.xcassets */; };
		F366488727A7DE740064FDC1 /* LaunchScreen.storyboard in Resources */ = {isa = PBXBuildFile; fileRef = F366488527A7DE740064FDC1 /* LaunchScreen.storyboard */; };
		FA1D508B46E45D96A49F2333 /* Pods_youtube_test.framework in Frameworks */ = {isa = PBXBuildFile; fileRef = 090EE91B57F3F5E3579909C3 /* Pods_youtube_test.framework */; };
/* End PBXBuildFile section */

/* Begin PBXFileReference section */
		090EE91B57F3F5E3579909C3 /* Pods_youtube_test.framework */ = {isa = PBXFileReference; explicitFileType = wrapper.framework; includeInIndex = 0; path = Pods_youtube_test.framework; sourceTree = BUILT_PRODUCTS_DIR; };
		72E7C7B21223651A0EC8D59B /* Pods-youtube_test.release.xcconfig */ = {isa = PBXFileReference; includeInIndex = 1; lastKnownFileType = text.xcconfig; name = "Pods-youtube_test.release.xcconfig"; path = "Target Support Files/Pods-youtube_test/Pods-youtube_test.release.xcconfig"; sourceTree = "<group>"; };
		E1144B2FC2D97F074B5584FF /* Pods-youtube_test.debug.xcconfig */ = {isa = PBXFileReference; includeInIndex = 1; lastKnownFileType = text.xcconfig; name = "Pods-youtube_test.debug.xcconfig"; path = "Target Support Files/Pods-youtube_test/Pods-youtube_test.debug.xcconfig"; sourceTree = "<group>"; };
		F35BEFBE27AA352100AA2821 /* ContentViewController.swift */ = {isa = PBXFileReference; lastKnownFileType = sourcecode.swift; path = ContentViewController.swift; sourceTree = "<group>"; };
		F35BEFC027AA355700AA2821 /* MyFloatingPanelLayout.swift */ = {isa = PBXFileReference; lastKnownFileType = sourcecode.swift; path = MyFloatingPanelLayout.swift; sourceTree = "<group>"; };
		F366487727A7DE720064FDC1 /* youtube_test.app */ = {isa = PBXFileReference; explicitFileType = wrapper.application; includeInIndex = 0; path = youtube_test.app; sourceTree = BUILT_PRODUCTS_DIR; };
		F366487A27A7DE720064FDC1 /* AppDelegate.swift */ = {isa = PBXFileReference; lastKnownFileType = sourcecode.swift; path = AppDelegate.swift; sourceTree = "<group>"; };
		F366487C27A7DE720064FDC1 /* SceneDelegate.swift */ = {isa = PBXFileReference; lastKnownFileType = sourcecode.swift; path = SceneDelegate.swift; sourceTree = "<group>"; };
		F366487E27A7DE720064FDC1 /* ViewController.swift */ = {isa = PBXFileReference; lastKnownFileType = sourcecode.swift; path = ViewController.swift; sourceTree = "<group>"; };
		F366488127A7DE720064FDC1 /* Base */ = {isa = PBXFileReference; lastKnownFileType = file.storyboard; name = Base; path = Base.lproj/Main.storyboard; sourceTree = "<group>"; };
		F366488327A7DE740064FDC1 /* Assets.xcassets */ = {isa = PBXFileReference; lastKnownFileType = folder.assetcatalog; path = Assets.xcassets; sourceTree = "<group>"; };
		F366488627A7DE740064FDC1 /* Base */ = {isa = PBXFileReference; lastKnownFileType = file.storyboard; name = Base; path = Base.lproj/LaunchScreen.storyboard; sourceTree = "<group>"; };
		F366488827A7DE740064FDC1 /* Info.plist */ = {isa = PBXFileReference; lastKnownFileType = text.plist.xml; path = Info.plist; sourceTree = "<group>"; };
/* End PBXFileReference section */

/* Begin PBXFrameworksBuildPhase section */
		F366487427A7DE720064FDC1 /* Frameworks */ = {
			isa = PBXFrameworksBuildPhase;
			buildActionMask = 2147483647;
			files = (
				FA1D508B46E45D96A49F2333 /* Pods_youtube_test.framework in Frameworks */,
			);
			runOnlyForDeploymentPostprocessing = 0;
		};
/* End PBXFrameworksBuildPhase section */

/* Begin PBXGroup section */
		03B84A176BE0E665A4D92D85 /* Pods */ = {
			isa = PBXGroup;
			children = (
				E1144B2FC2D97F074B5584FF /* Pods-youtube_test.debug.xcconfig */,
				72E7C7B21223651A0EC8D59B /* Pods-youtube_test.release.xcconfig */,
			);
			path = Pods;
			sourceTree = "<group>";
		};
		1545913A2C0C5E247AAAFC33 /* Frameworks */ = {
			isa = PBXGroup;
			children = (
				090EE91B57F3F5E3579909C3 /* Pods_youtube_test.framework */,
			);
			name = Frameworks;
			sourceTree = "<group>";
		};
		F366486E27A7DE720064FDC1 = {
			isa = PBXGroup;
			children = (
				F366487927A7DE720064FDC1 /* youtube_test */,
				F366487827A7DE720064FDC1 /* Products */,
				03B84A176BE0E665A4D92D85 /* Pods */,
				1545913A2C0C5E247AAAFC33 /* Frameworks */,
			);
			sourceTree = "<group>";
		};
		F366487827A7DE720064FDC1 /* Products */ = {
			isa = PBXGroup;
			children = (
				F366487727A7DE720064FDC1 /* youtube_test.app */,
			);
			name = Products;
			sourceTree = "<group>";
		};
		F366487927A7DE720064FDC1 /* youtube_test */ = {
			isa = PBXGroup;
			children = (
				F366487A27A7DE720064FDC1 /* AppDelegate.swift */,
				F366487C27A7DE720064FDC1 /* SceneDelegate.swift */,
				F366487E27A7DE720064FDC1 /* ViewController.swift */,
				F366488027A7DE720064FDC1 /* Main.storyboard */,
				F366488327A7DE740064FDC1 /* Assets.xcassets */,
				F366488527A7DE740064FDC1 /* LaunchScreen.storyboard */,
				F366488827A7DE740064FDC1 /* Info.plist */,
				F35BEFBE27AA352100AA2821 /* ContentViewController.swift */,
				F35BEFC027AA355700AA2821 /* MyFloatingPanelLayout.swift */,
			);
			path = youtube_test;
			sourceTree = "<group>";
		};
/* End PBXGroup section */

/* Begin PBXNativeTarget section */
		F366487627A7DE720064FDC1 /* youtube_test */ = {
			isa = PBXNativeTarget;
			buildConfigurationList = F366488B27A7DE740064FDC1 /* Build configuration list for PBXNativeTarget "youtube_test" */;
			buildPhases = (
				A8A590E327F1E9A257D3E059 /* [CP] Check Pods Manifest.lock */,
				F366487327A7DE720064FDC1 /* Sources */,
				F366487427A7DE720064FDC1 /* Frameworks */,
				F366487527A7DE720064FDC1 /* Resources */,
				F8CD81ABFEA72729CD98399B /* [CP] Embed Pods Frameworks */,
			);
			buildRules = (
			);
			dependencies = (
			);
			name = youtube_test;
			productName = youtube_test;
			productReference = F366487727A7DE720064FDC1 /* youtube_test.app */;
			productType = "com.apple.product-type.application";
		};
/* End PBXNativeTarget section */

/* Begin PBXProject section */
		F366486F27A7DE720064FDC1 /* Project object */ = {
			isa = PBXProject;
			attributes = {
				BuildIndependentTargetsInParallel = 1;
				LastSwiftUpdateCheck = 1310;
				LastUpgradeCheck = 1310;
				TargetAttributes = {
					F366487627A7DE720064FDC1 = {
						CreatedOnToolsVersion = 13.1;
					};
				};
			};
			buildConfigurationList = F366487227A7DE720064FDC1 /* Build configuration list for PBXProject "youtube_test" */;
			compatibilityVersion = "Xcode 13.0";
			developmentRegion = en;
			hasScannedForEncodings = 0;
			knownRegions = (
				en,
				Base,
			);
			mainGroup = F366486E27A7DE720064FDC1;
			productRefGroup = F366487827A7DE720064FDC1 /* Products */;
			projectDirPath = "";
			projectRoot = "";
			targets = (
				F366487627A7DE720064FDC1 /* youtube_test */,
			);
		};
/* End PBXProject section */

/* Begin PBXResourcesBuildPhase section */
		F366487527A7DE720064FDC1 /* Resources */ = {
			isa = PBXResourcesBuildPhase;
			buildActionMask = 2147483647;
			files = (
				F366488727A7DE740064FDC1 /* LaunchScreen.storyboard in Resources */,
				F366488427A7DE740064FDC1 /* Assets.xcassets in Resources */,
				F366488227A7DE720064FDC1 /* Main.storyboard in Resources */,
			);
			runOnlyForDeploymentPostprocessing = 0;
		};
/* End PBXResourcesBuildPhase section */

/* Begin PBXShellScriptBuildPhase section */
		A8A590E327F1E9A257D3E059 /* [CP] Check Pods Manifest.lock */ = {
			isa = PBXShellScriptBuildPhase;
			buildActionMask = 2147483647;
			files = (
			);
			inputFileListPaths = (
			);
			inputPaths = (
				"${PODS_PODFILE_DIR_PATH}/Podfile.lock",
				"${PODS_ROOT}/Manifest.lock",
			);
			name = "[CP] Check Pods Manifest.lock";
			outputFileListPaths = (
			);
			outputPaths = (
				"$(DERIVED_FILE_DIR)/Pods-youtube_test-checkManifestLockResult.txt",
			);
			runOnlyForDeploymentPostprocessing = 0;
			shellPath = /bin/sh;
			shellScript = "diff \"${PODS_PODFILE_DIR_PATH}/Podfile.lock\" \"${PODS_ROOT}/Manifest.lock\" > /dev/null\nif [ $? != 0 ] ; then\n    # print error to STDERR\n    echo \"error: The sandbox is not in sync with the Podfile.lock. Run 'pod install' or update your CocoaPods installation.\" >&2\n    exit 1\nfi\n# This output is used by Xcode 'outputs' to avoid re-running this script phase.\necho \"SUCCESS\" > \"${SCRIPT_OUTPUT_FILE_0}\"\n";
			showEnvVarsInLog = 0;
		};
		F8CD81ABFEA72729CD98399B /* [CP] Embed Pods Frameworks */ = {
			isa = PBXShellScriptBuildPhase;
			buildActionMask = 2147483647;
			files = (
			);
			inputFileListPaths = (
				"${PODS_ROOT}/Target Support Files/Pods-youtube_test/Pods-youtube_test-frameworks-${CONFIGURATION}-input-files.xcfilelist",
			);
			name = "[CP] Embed Pods Frameworks";
			outputFileListPaths = (
				"${PODS_ROOT}/Target Support Files/Pods-youtube_test/Pods-youtube_test-frameworks-${CONFIGURATION}-output-files.xcfilelist",
			);
			runOnlyForDeploymentPostprocessing = 0;
			shellPath = /bin/sh;
			shellScript = "\"${PODS_ROOT}/Target Support Files/Pods-youtube_test/Pods-youtube_test-frameworks.sh\"\n";
			showEnvVarsInLog = 0;
		};
/* End PBXShellScriptBuildPhase section */

/* Begin PBXSourcesBuildPhase section */
		F366487327A7DE720064FDC1 /* Sources */ = {
			isa = PBXSourcesBuildPhase;
			buildActionMask = 2147483647;
			files = (
				F35BEFBF27AA352100AA2821 /* ContentViewController.swift in Sources */,
				F366487F27A7DE720064FDC1 /* ViewController.swift in Sources */,
				F35BEFC127AA355700AA2821 /* MyFloatingPanelLayout.swift in Sources */,
				F366487B27A7DE720064FDC1 /* AppDelegate.swift in Sources */,
				F366487D27A7DE720064FDC1 /* SceneDelegate.swift in Sources */,
			);
			runOnlyForDeploymentPostprocessing = 0;
		};
/* End PBXSourcesBuildPhase section */

/* Begin PBXVariantGroup section */
		F366488027A7DE720064FDC1 /* Main.storyboard */ = {
			isa = PBXVariantGroup;
			children = (
				F366488127A7DE720064FDC1 /* Base */,
			);
			name = Main.storyboard;
			sourceTree = "<group>";
		};
		F366488527A7DE740064FDC1 /* LaunchScreen.storyboard */ = {
			isa = PBXVariantGroup;
			children = (
				F366488627A7DE740064FDC1 /* Base */,
			);
			name = LaunchScreen.storyboard;
			sourceTree = "<group>";
		};
/* End PBXVariantGroup section */

/* Begin XCBuildConfiguration section */
		F366488927A7DE740064FDC1 /* Debug */ = {
			isa = XCBuildConfiguration;
			buildSettings = {
				ALWAYS_SEARCH_USER_PATHS = NO;
				CLANG_ANALYZER_NONNULL = YES;
				CLANG_ANALYZER_NUMBER_OBJECT_CONVERSION = YES_AGGRESSIVE;
				CLANG_CXX_LANGUAGE_STANDARD = "gnu++17";
				CLANG_CXX_LIBRARY = "libc++";
				CLANG_ENABLE_MODULES = YES;
				CLANG_ENABLE_OBJC_ARC = YES;
				CLANG_ENABLE_OBJC_WEAK = YES;
				CLANG_WARN_BLOCK_CAPTURE_AUTORELEASING = YES;
				CLANG_WARN_BOOL_CONVERSION = YES;
				CLANG_WARN_COMMA = YES;
				CLANG_WARN_CONSTANT_CONVERSION = YES;
				CLANG_WARN_DEPRECATED_OBJC_IMPLEMENTATIONS = YES;
				CLANG_WARN_DIRECT_OBJC_ISA_USAGE = YES_ERROR;
				CLANG_WARN_DOCUMENTATION_COMMENTS = YES;
				CLANG_WARN_EMPTY_BODY = YES;
				CLANG_WARN_ENUM_CONVERSION = YES;
				CLANG_WARN_INFINITE_RECURSION = YES;
				CLANG_WARN_INT_CONVERSION = YES;
				CLANG_WARN_NON_LITERAL_NULL_CONVERSION = YES;
				CLANG_WARN_OBJC_IMPLICIT_RETAIN_SELF = YES;
				CLANG_WARN_OBJC_LITERAL_CONVERSION = YES;
				CLANG_WARN_OBJC_ROOT_CLASS = YES_ERROR;
				CLANG_WARN_QUOTED_INCLUDE_IN_FRAMEWORK_HEADER = YES;
				CLANG_WARN_RANGE_LOOP_ANALYSIS = YES;
				CLANG_WARN_STRICT_PROTOTYPES = YES;
				CLANG_WARN_SUSPICIOUS_MOVE = YES;
				CLANG_WARN_UNGUARDED_AVAILABILITY = YES_AGGRESSIVE;
				CLANG_WARN_UNREACHABLE_CODE = YES;
				CLANG_WARN__DUPLICATE_METHOD_MATCH = YES;
				COPY_PHASE_STRIP = NO;
				DEBUG_INFORMATION_FORMAT = dwarf;
				ENABLE_STRICT_OBJC_MSGSEND = YES;
				ENABLE_TESTABILITY = YES;
				GCC_C_LANGUAGE_STANDARD = gnu11;
				GCC_DYNAMIC_NO_PIC = NO;
				GCC_NO_COMMON_BLOCKS = YES;
				GCC_OPTIMIZATION_LEVEL = 0;
				GCC_PREPROCESSOR_DEFINITIONS = (
					"DEBUG=1",
					"$(inherited)",
				);
				GCC_WARN_64_TO_32_BIT_CONVERSION = YES;
				GCC_WARN_ABOUT_RETURN_TYPE = YES_ERROR;
				GCC_WARN_UNDECLARED_SELECTOR = YES;
				GCC_WARN_UNINITIALIZED_AUTOS = YES_AGGRESSIVE;
				GCC_WARN_UNUSED_FUNCTION = YES;
				GCC_WARN_UNUSED_VARIABLE = YES;
				IPHONEOS_DEPLOYMENT_TARGET = 15.0;
				MTL_ENABLE_DEBUG_INFO = INCLUDE_SOURCE;
				MTL_FAST_MATH = YES;
				ONLY_ACTIVE_ARCH = YES;
				SDKROOT = iphoneos;
				SWIFT_ACTIVE_COMPILATION_CONDITIONS = DEBUG;
				SWIFT_OPTIMIZATION_LEVEL = "-Onone";
			};
			name = Debug;
		};
		F366488A27A7DE740064FDC1 /* Release */ = {
			isa = XCBuildConfiguration;
			buildSettings = {
				ALWAYS_SEARCH_USER_PATHS = NO;
				CLANG_ANALYZER_NONNULL = YES;
				CLANG_ANALYZER_NUMBER_OBJECT_CONVERSION = YES_AGGRESSIVE;
				CLANG_CXX_LANGUAGE_STANDARD = "gnu++17";
				CLANG_CXX_LIBRARY = "libc++";
				CLANG_ENABLE_MODULES = YES;
				CLANG_ENABLE_OBJC_ARC = YES;
				CLANG_ENABLE_OBJC_WEAK = YES;
				CLANG_WARN_BLOCK_CAPTURE_AUTORELEASING = YES;
				CLANG_WARN_BOOL_CONVERSION = YES;
				CLANG_WARN_COMMA = YES;
				CLANG_WARN_CONSTANT_CONVERSION = YES;
				CLANG_WARN_DEPRECATED_OBJC_IMPLEMENTATIONS = YES;
				CLANG_WARN_DIRECT_OBJC_ISA_USAGE = YES_ERROR;
				CLANG_WARN_DOCUMENTATION_COMMENTS = YES;
				CLANG_WARN_EMPTY_BODY = YES;
				CLANG_WARN_ENUM_CONVERSION = YES;
				CLANG_WARN_INFINITE_RECURSION = YES;
				CLANG_WARN_INT_CONVERSION = YES;
				CLANG_WARN_NON_LITERAL_NULL_CONVERSION = YES;
				CLANG_WARN_OBJC_IMPLICIT_RETAIN_SELF = YES;
				CLANG_WARN_OBJC_LITERAL_CONVERSION = YES;
				CLANG_WARN_OBJC_ROOT_CLASS = YES_ERROR;
				CLANG_WARN_QUOTED_INCLUDE_IN_FRAMEWORK_HEADER = YES;
				CLANG_WARN_RANGE_LOOP_ANALYSIS = YES;
				CLANG_WARN_STRICT_PROTOTYPES = YES;
				CLANG_WARN_SUSPICIOUS_MOVE = YES;
				CLANG_WARN_UNGUARDED_AVAILABILITY = YES_AGGRESSIVE;
				CLANG_WARN_UNREACHABLE_CODE = YES;
				CLANG_WARN__DUPLICATE_METHOD_MATCH = YES;
				COPY_PHASE_STRIP = NO;
				DEBUG_INFORMATION_FORMAT = "dwarf-with-dsym";
				ENABLE_NS_ASSERTIONS = NO;
				ENABLE_STRICT_OBJC_MSGSEND = YES;
				GCC_C_LANGUAGE_STANDARD = gnu11;
				GCC_NO_COMMON_BLOCKS = YES;
				GCC_WARN_64_TO_32_BIT_CONVERSION = YES;
				GCC_WARN_ABOUT_RETURN_TYPE = YES_ERROR;
				GCC_WARN_UNDECLARED_SELECTOR = YES;
				GCC_WARN_UNINITIALIZED_AUTOS = YES_AGGRESSIVE;
				GCC_WARN_UNUSED_FUNCTION = YES;
				GCC_WARN_UNUSED_VARIABLE = YES;
				IPHONEOS_DEPLOYMENT_TARGET = 15.0;
				MTL_ENABLE_DEBUG_INFO = NO;
				MTL_FAST_MATH = YES;
				SDKROOT = iphoneos;
				SWIFT_COMPILATION_MODE = wholemodule;
				SWIFT_OPTIMIZATION_LEVEL = "-O";
				VALIDATE_PRODUCT = YES;
			};
			name = Release;
		};
		F366488C27A7DE740064FDC1 /* Debug */ = {
			isa = XCBuildConfiguration;
			baseConfigurationReference = E1144B2FC2D97F074B5584FF /* Pods-youtube_test.debug.xcconfig */;
			buildSettings = {
				ASSETCATALOG_COMPILER_APPICON_NAME = AppIcon;
				ASSETCATALOG_COMPILER_GLOBAL_ACCENT_COLOR_NAME = AccentColor;
				CODE_SIGN_STYLE = Automatic;
				CURRENT_PROJECT_VERSION = 1;
				DEVELOPMENT_TEAM = "";
				GENERATE_INFOPLIST_FILE = YES;
				INFOPLIST_FILE = youtube_test/Info.plist;
				INFOPLIST_KEY_UIApplicationSupportsIndirectInputEvents = YES;
				INFOPLIST_KEY_UILaunchStoryboardName = LaunchScreen;
				INFOPLIST_KEY_UIMainStoryboardFile = Main;
				INFOPLIST_KEY_UISupportedInterfaceOrientations_iPad = "UIInterfaceOrientationPortrait UIInterfaceOrientationPortraitUpsideDown UIInterfaceOrientationLandscapeLeft UIInterfaceOrientationLandscapeRight";
				INFOPLIST_KEY_UISupportedInterfaceOrientations_iPhone = "UIInterfaceOrientationPortrait UIInterfaceOrientationLandscapeLeft UIInterfaceOrientationLandscapeRight";
				LD_RUNPATH_SEARCH_PATHS = (
					"$(inherited)",
					"@executable_path/Frameworks",
				);
				MARKETING_VERSION = 1.0;
				PRODUCT_BUNDLE_IDENTIFIER = "agusev.youtube-test.youtube-test";
				PRODUCT_NAME = "$(TARGET_NAME)";
				SWIFT_EMIT_LOC_STRINGS = YES;
				SWIFT_VERSION = 5.0;
				TARGETED_DEVICE_FAMILY = "1,2";
			};
			name = Debug;
		};
		F366488D27A7DE740064FDC1 /* Release */ = {
			isa = XCBuildConfiguration;
			baseConfigurationReference = 72E7C7B21223651A0EC8D59B /* Pods-youtube_test.release.xcconfig */;
			buildSettings = {
				ASSETCATALOG_COMPILER_APPICON_NAME = AppIcon;
				ASSETCATALOG_COMPILER_GLOBAL_ACCENT_COLOR_NAME = AccentColor;
				CODE_SIGN_STYLE = Automatic;
				CURRENT_PROJECT_VERSION = 1;
				DEVELOPMENT_TEAM = "";
				GENERATE_INFOPLIST_FILE = YES;
				INFOPLIST_FILE = youtube_test/Info.plist;
				INFOPLIST_KEY_UIApplicationSupportsIndirectInputEvents = YES;
				INFOPLIST_KEY_UILaunchStoryboardName = LaunchScreen;
				INFOPLIST_KEY_UIMainStoryboardFile = Main;
				INFOPLIST_KEY_UISupportedInterfaceOrientations_iPad = "UIInterfaceOrientationPortrait UIInterfaceOrientationPortraitUpsideDown UIInterfaceOrientationLandscapeLeft UIInterfaceOrientationLandscapeRight";
				INFOPLIST_KEY_UISupportedInterfaceOrientations_iPhone = "UIInterfaceOrientationPortrait UIInterfaceOrientationLandscapeLeft UIInterfaceOrientationLandscapeRight";
				LD_RUNPATH_SEARCH_PATHS = (
					"$(inherited)",
					"@executable_path/Frameworks",
				);
				MARKETING_VERSION = 1.0;
				PRODUCT_BUNDLE_IDENTIFIER = "agusev.youtube-test.youtube-test";
				PRODUCT_NAME = "$(TARGET_NAME)";
				SWIFT_EMIT_LOC_STRINGS = YES;
				SWIFT_VERSION = 5.0;
				TARGETED_DEVICE_FAMILY = "1,2";
			};
			name = Release;
		};
/* End XCBuildConfiguration section */

/* Begin XCConfigurationList section */
		F366487227A7DE720064FDC1 /* Build configuration list for PBXProject "youtube_test" */ = {
			isa = XCConfigurationList;
			buildConfigurations = (
				F366488927A7DE740064FDC1 /* Debug */,
				F366488A27A7DE740064FDC1 /* Release */,
			);
			defaultConfigurationIsVisible = 0;
			defaultConfigurationName = Release;
		};
		F366488B27A7DE740064FDC1 /* Build configuration list for PBXNativeTarget "youtube_test" */ = {
			isa = XCConfigurationList;
			buildConfigurations = (
				F366488C27A7DE740064FDC1 /* Debug */,
				F366488D27A7DE740064FDC1 /* Release */,
			);
			defaultConfigurationIsVisible = 0;
			defaultConfigurationName = Release;
		};
/* End XCConfigurationList section */
	};
	rootObject = F366486F27A7DE720064FDC1 /* Project object */;
}
